{
  "pins" : [
    {
      "identity" : "microsoft-authentication-library-for-objc",
      "kind" : "remoteSourceControl",
      "location" : "https://github.com/AzureAD/microsoft-authentication-library-for-objc.git",
      "state" : {
        "revision" : "09c275ada2236a834b981f6a4d5ecb491b576d6c",
        "version" : "2.7.0"
      }
    }
  ],
  "version" : 2
}
