{
  "object": {
    "pins": [
      {
        "package": "MSAL",
        "repositoryURL": "https://github.com/AzureAD/microsoft-authentication-library-for-objc.git",
        "state": {
          "branch": null,
          "revision": "d80d943d4541f7c015b93b77f7384681e3e55294",
          "version": "2.1.0"
        }
      }
    ]
  },
  "version": 1
}
